
Microsoft Visual Studio Solution File, Format Version 12.00
# Visual Studio Version 16
VisualStudioVersion = 16.0.30709.132
MinimumVisualStudioVersion = 10.0.40219.1
Project("{9A19103F-16F7-4668-BE54-9A1E7A4F7556}") = "LocationsApi", "LocationsApi\LocationsApi.csproj", "{854EBDAD-8CF8-4EB9-8FB6-7B61B2567E70}"
EndProject
Global
	GlobalSection(SolutionConfigurationPlatforms) = preSolution
		Debug|Any CPU = Debug|Any CPU
		Release|Any CPU = Release|Any CPU
	EndGlobalSection
	GlobalSection(ProjectConfigurationPlatforms) = postSolution
		{854EBDAD-8CF8-4EB9-8FB6-7B61B2567E70}.Debug|Any CPU.ActiveCfg = Debug|Any CPU
		{854EBDAD-8CF8-4EB9-8FB6-7B61B2567E70}.Debug|Any CPU.Build.0 = Debug|Any CPU
		{854EBDAD-8CF8-4EB9-8FB6-7B61B2567E70}.Release|Any CPU.ActiveCfg = Release|Any CPU
		{854EBDAD-8CF8-4EB9-8FB6-7B61B2567E70}.Release|Any CPU.Build.0 = Release|Any CPU
	EndGlobalSection
	GlobalSection(SolutionProperties) = preSolution
		HideSolutionNode = FALSE
	EndGlobalSection
	GlobalSection(ExtensibilityGlobals) = postSolution
		SolutionGuid = {5D221135-BFC3-4F60-8E55-CD9ABEF0E3F4}
	EndGlobalSection
EndGlobal
